// !$*UTF8*$!
{
	archiveVersion = 1;
	classes = {
	};
	objectVersion = 50;
	objects = {

/* Begin PBXBuildFile section */
		E89AB02A27BE23F500AB6B6C /* Presentation.framework in Frameworks */ = {isa = PBXBuildFile; fileRef = E89AB02027BE23F500AB6B6C /* Presentation.framework */; };
		E89AB02F27BE23F500AB6B6C /* PresentationTests.swift in Sources */ = {isa = PBXBuildFile; fileRef = E89AB02E27BE23F500AB6B6C /* PresentationTests.swift */; };
		E89AB03127BE23F500AB6B6C /* Presentation.h in Headers */ = {isa = PBXBuildFile; fileRef = E89AB02327BE23F500AB6B6C /* Presentation.h */; settings = {ATTRIBUTES = (Public, ); }; };
		E89AB07527BE3EB300AB6B6C /* ViewData.swift in Sources */ = {isa = PBXBuildFile; fileRef = E89AB07427BE3EB300AB6B6C /* ViewData.swift */; };
		E89AB07D27BE3FDD00AB6B6C /* OrderAdapter.swift in Sources */ = {isa = PBXBuildFile; fileRef = E89AB07C27BE3FDD00AB6B6C /* OrderAdapter.swift */; };
		E89AB08C27BE405400AB6B6C /* MockMenuViewModel.swift in Sources */ = {isa = PBXBuildFile; fileRef = E89AB08827BE405400AB6B6C /* MockMenuViewModel.swift */; };
		E89AB08D27BE405400AB6B6C /* MockItemDetailViewModel.swift in Sources */ = {isa = PBXBuildFile; fileRef = E89AB08927BE405400AB6B6C /* MockItemDetailViewModel.swift */; };
		E89AB08E27BE405400AB6B6C /* MockOrderView.swift in Sources */ = {isa = PBXBuildFile; fileRef = E89AB08A27BE405400AB6B6C /* MockOrderView.swift */; };
		E89AB08F27BE405400AB6B6C /* MockCheckoutViewModel.swift in Sources */ = {isa = PBXBuildFile; fileRef = E89AB08B27BE405400AB6B6C /* MockCheckoutViewModel.swift */; };
		E89AB09427BE40C600AB6B6C /* WrappersProperties.swift in Sources */ = {isa = PBXBuildFile; fileRef = E89AB09327BE40C600AB6B6C /* WrappersProperties.swift */; };
		E89AB09827BE418000AB6B6C /* OrderViewModel.swift in Sources */ = {isa = PBXBuildFile; fileRef = E89AB06127BE3DFC00AB6B6C /* OrderViewModel.swift */; };
		E89AB09927BE419A00AB6B6C /* OrderView.swift in Sources */ = {isa = PBXBuildFile; fileRef = E89AB06327BE3DFC00AB6B6C /* OrderView.swift */; };
		E89AB09A27BE41AB00AB6B6C /* MenuModel.swift in Sources */ = {isa = PBXBuildFile; fileRef = E89AB04C27BE3DF700AB6B6C /* MenuModel.swift */; };
		E89AB09B27BE41B100AB6B6C /* ItemModel.swift in Sources */ = {isa = PBXBuildFile; fileRef = E89AB04D27BE3DF700AB6B6C /* ItemModel.swift */; };
		E89AB09C27BE41B600AB6B6C /* MenuViewModel.swift in Sources */ = {isa = PBXBuildFile; fileRef = E89AB05427BE3DF700AB6B6C /* MenuViewModel.swift */; };
		E89AB09D27BE41BA00AB6B6C /* MenuCordinatorProtocol.swift in Sources */ = {isa = PBXBuildFile; fileRef = E89AB05627BE3DF700AB6B6C /* MenuCordinatorProtocol.swift */; };
		E89AB09E27BE41BF00AB6B6C /* ItemDetailViewModel.swift in Sources */ = {isa = PBXBuildFile; fileRef = E89AB05927BE3DF700AB6B6C /* ItemDetailViewModel.swift */; };
		E89AB09F27BE41C500AB6B6C /* CheckoutViewModel.swift in Sources */ = {isa = PBXBuildFile; fileRef = E89AB06827BE3DFC00AB6B6C /* CheckoutViewModel.swift */; };
		E89AB0A027BE41DD00AB6B6C /* ItemDetail.swift in Sources */ = {isa = PBXBuildFile; fileRef = E89AB05B27BE3DF700AB6B6C /* ItemDetail.swift */; };
		E89AB0A327BE420E00AB6B6C /* Domain.framework in Frameworks */ = {isa = PBXBuildFile; fileRef = E89AB0A227BE420E00AB6B6C /* Domain.framework */; };
		E89AB0A427BE420E00AB6B6C /* Domain.framework in Embed Frameworks */ = {isa = PBXBuildFile; fileRef = E89AB0A227BE420E00AB6B6C /* Domain.framework */; settings = {ATTRIBUTES = (CodeSignOnCopy, RemoveHeadersOnCopy, ); }; };
		E89AB0A627BE422000AB6B6C /* MenuViewUseCase.swift in Sources */ = {isa = PBXBuildFile; fileRef = E89AB05227BE3DF700AB6B6C /* MenuViewUseCase.swift */; };
		E89AB0A727BE423000AB6B6C /* OrderViewCordinatorProtocol.swift in Sources */ = {isa = PBXBuildFile; fileRef = E89AB05F27BE3DFC00AB6B6C /* OrderViewCordinatorProtocol.swift */; };
		E89AB0A827BE423900AB6B6C /* CheckoutView.swift in Sources */ = {isa = PBXBuildFile; fileRef = E89AB06A27BE3DFC00AB6B6C /* CheckoutView.swift */; };
		E89AB0A927BE424200AB6B6C /* CheckoutViewCordinatorProtocol.swift in Sources */ = {isa = PBXBuildFile; fileRef = E89AB06627BE3DFC00AB6B6C /* CheckoutViewCordinatorProtocol.swift */; };
		E89AB0AD27BE432200AB6B6C /* MainCordinatorProtocol.swift in Sources */ = {isa = PBXBuildFile; fileRef = E89AB04727BE3DF100AB6B6C /* MainCordinatorProtocol.swift */; };
		E89AB0AE27BE433800AB6B6C /* MenuView.swift in Sources */ = {isa = PBXBuildFile; fileRef = E89AB04F27BE3DF700AB6B6C /* MenuView.swift */; };
		E89AB0AF27BE434800AB6B6C /* ItemRow.swift in Sources */ = {isa = PBXBuildFile; fileRef = E89AB05027BE3DF700AB6B6C /* ItemRow.swift */; };
		E89AB0B027BE436B00AB6B6C /* MainView.swift in Sources */ = {isa = PBXBuildFile; fileRef = E89AB04927BE3DF100AB6B6C /* MainView.swift */; };
		E89AB0C527BE8E7500AB6B6C /* CheckoutViewUseCase.swift in Sources */ = {isa = PBXBuildFile; fileRef = E89AB0C427BE8E7500AB6B6C /* CheckoutViewUseCase.swift */; };
/* End PBXBuildFile section */

/* Begin PBXContainerItemProxy section */
		E89AB02B27BE23F500AB6B6C /* PBXContainerItemProxy */ = {
			isa = PBXContainerItemProxy;
			containerPortal = E89AB01727BE23F500AB6B6C /* Project object */;
			proxyType = 1;
			remoteGlobalIDString = E89AB01F27BE23F500AB6B6C;
			remoteInfo = Presentation;
		};
/* End PBXContainerItemProxy section */

/* Begin PBXCopyFilesBuildPhase section */
		E89AB0A527BE420E00AB6B6C /* Embed Frameworks */ = {
			isa = PBXCopyFilesBuildPhase;
			buildActionMask = 2147483647;
			dstPath = "";
			dstSubfolderSpec = 10;
			files = (
				E89AB0A427BE420E00AB6B6C /* Domain.framework in Embed Frameworks */,
			);
			name = "Embed Frameworks";
			runOnlyForDeploymentPostprocessing = 0;
		};
/* End PBXCopyFilesBuildPhase section */

/* Begin PBXFileReference section */
		E89AB02027BE23F500AB6B6C /* Presentation.framework */ = {isa = PBXFileReference; explicitFileType = wrapper.framework; includeInIndex = 0; path = Presentation.framework; sourceTree = BUILT_PRODUCTS_DIR; };
		E89AB02327BE23F500AB6B6C /* Presentation.h */ = {isa = PBXFileReference; lastKnownFileType = sourcecode.c.h; path = Presentation.h; sourceTree = "<group>"; };
		E89AB02427BE23F500AB6B6C /* Info.plist */ = {isa = PBXFileReference; lastKnownFileType = text.plist.xml; path = Info.plist; sourceTree = "<group>"; };
		E89AB02927BE23F500AB6B6C /* PresentationTests.xctest */ = {isa = PBXFileReference; explicitFileType = wrapper.cfbundle; includeInIndex = 0; path = PresentationTests.xctest; sourceTree = BUILT_PRODUCTS_DIR; };
		E89AB02E27BE23F500AB6B6C /* PresentationTests.swift */ = {isa = PBXFileReference; lastKnownFileType = sourcecode.swift; path = PresentationTests.swift; sourceTree = "<group>"; };
		E89AB03027BE23F500AB6B6C /* Info.plist */ = {isa = PBXFileReference; lastKnownFileType = text.plist.xml; path = Info.plist; sourceTree = "<group>"; };
		E89AB04727BE3DF100AB6B6C /* MainCordinatorProtocol.swift */ = {isa = PBXFileReference; lastKnownFileType = sourcecode.swift; path = MainCordinatorProtocol.swift; sourceTree = "<group>"; };
		E89AB04927BE3DF100AB6B6C /* MainView.swift */ = {isa = PBXFileReference; lastKnownFileType = sourcecode.swift; path = MainView.swift; sourceTree = "<group>"; };
		E89AB04C27BE3DF700AB6B6C /* MenuModel.swift */ = {isa = PBXFileReference; lastKnownFileType = sourcecode.swift; path = MenuModel.swift; sourceTree = "<group>"; };
		E89AB04D27BE3DF700AB6B6C /* ItemModel.swift */ = {isa = PBXFileReference; lastKnownFileType = sourcecode.swift; path = ItemModel.swift; sourceTree = "<group>"; };
		E89AB04F27BE3DF700AB6B6C /* MenuView.swift */ = {isa = PBXFileReference; lastKnownFileType = sourcecode.swift; path = MenuView.swift; sourceTree = "<group>"; };
		E89AB05027BE3DF700AB6B6C /* ItemRow.swift */ = {isa = PBXFileReference; lastKnownFileType = sourcecode.swift; path = ItemRow.swift; sourceTree = "<group>"; };
		E89AB05227BE3DF700AB6B6C /* MenuViewUseCase.swift */ = {isa = PBXFileReference; fileEncoding = 4; lastKnownFileType = sourcecode.swift; path = MenuViewUseCase.swift; sourceTree = "<group>"; };
		E89AB05427BE3DF700AB6B6C /* MenuViewModel.swift */ = {isa = PBXFileReference; lastKnownFileType = sourcecode.swift; path = MenuViewModel.swift; sourceTree = "<group>"; };
		E89AB05627BE3DF700AB6B6C /* MenuCordinatorProtocol.swift */ = {isa = PBXFileReference; lastKnownFileType = sourcecode.swift; path = MenuCordinatorProtocol.swift; sourceTree = "<group>"; };
		E89AB05927BE3DF700AB6B6C /* ItemDetailViewModel.swift */ = {isa = PBXFileReference; lastKnownFileType = sourcecode.swift; path = ItemDetailViewModel.swift; sourceTree = "<group>"; };
		E89AB05B27BE3DF700AB6B6C /* ItemDetail.swift */ = {isa = PBXFileReference; lastKnownFileType = sourcecode.swift; path = ItemDetail.swift; sourceTree = "<group>"; };
		E89AB05F27BE3DFC00AB6B6C /* OrderViewCordinatorProtocol.swift */ = {isa = PBXFileReference; lastKnownFileType = sourcecode.swift; path = OrderViewCordinatorProtocol.swift; sourceTree = "<group>"; };
		E89AB06127BE3DFC00AB6B6C /* OrderViewModel.swift */ = {isa = PBXFileReference; lastKnownFileType = sourcecode.swift; path = OrderViewModel.swift; sourceTree = "<group>"; };
		E89AB06327BE3DFC00AB6B6C /* OrderView.swift */ = {isa = PBXFileReference; lastKnownFileType = sourcecode.swift; path = OrderView.swift; sourceTree = "<group>"; };
		E89AB06627BE3DFC00AB6B6C /* CheckoutViewCordinatorProtocol.swift */ = {isa = PBXFileReference; lastKnownFileType = sourcecode.swift; path = CheckoutViewCordinatorProtocol.swift; sourceTree = "<group>"; };
		E89AB06827BE3DFC00AB6B6C /* CheckoutViewModel.swift */ = {isa = PBXFileReference; lastKnownFileType = sourcecode.swift; path = CheckoutViewModel.swift; sourceTree = "<group>"; };
		E89AB06A27BE3DFC00AB6B6C /* CheckoutView.swift */ = {isa = PBXFileReference; lastKnownFileType = sourcecode.swift; path = CheckoutView.swift; sourceTree = "<group>"; };
		E89AB07427BE3EB300AB6B6C /* ViewData.swift */ = {isa = PBXFileReference; fileEncoding = 4; lastKnownFileType = sourcecode.swift; path = ViewData.swift; sourceTree = "<group>"; };
		E89AB07C27BE3FDD00AB6B6C /* OrderAdapter.swift */ = {isa = PBXFileReference; fileEncoding = 4; lastKnownFileType = sourcecode.swift; path = OrderAdapter.swift; sourceTree = "<group>"; };
		E89AB08827BE405400AB6B6C /* MockMenuViewModel.swift */ = {isa = PBXFileReference; fileEncoding = 4; lastKnownFileType = sourcecode.swift; path = MockMenuViewModel.swift; sourceTree = "<group>"; };
		E89AB08927BE405400AB6B6C /* MockItemDetailViewModel.swift */ = {isa = PBXFileReference; fileEncoding = 4; lastKnownFileType = sourcecode.swift; path = MockItemDetailViewModel.swift; sourceTree = "<group>"; };
		E89AB08A27BE405400AB6B6C /* MockOrderView.swift */ = {isa = PBXFileReference; fileEncoding = 4; lastKnownFileType = sourcecode.swift; path = MockOrderView.swift; sourceTree = "<group>"; };
		E89AB08B27BE405400AB6B6C /* MockCheckoutViewModel.swift */ = {isa = PBXFileReference; fileEncoding = 4; lastKnownFileType = sourcecode.swift; path = MockCheckoutViewModel.swift; sourceTree = "<group>"; };
		E89AB09327BE40C600AB6B6C /* WrappersProperties.swift */ = {isa = PBXFileReference; fileEncoding = 4; lastKnownFileType = sourcecode.swift; path = WrappersProperties.swift; sourceTree = "<group>"; };
		E89AB0A227BE420E00AB6B6C /* Domain.framework */ = {isa = PBXFileReference; explicitFileType = wrapper.framework; path = Domain.framework; sourceTree = BUILT_PRODUCTS_DIR; };
		E89AB0AA27BE428F00AB6B6C /* Data.framework */ = {isa = PBXFileReference; explicitFileType = wrapper.framework; path = Data.framework; sourceTree = BUILT_PRODUCTS_DIR; };
		E89AB0C427BE8E7500AB6B6C /* CheckoutViewUseCase.swift */ = {isa = PBXFileReference; fileEncoding = 4; lastKnownFileType = sourcecode.swift; path = CheckoutViewUseCase.swift; sourceTree = "<group>"; };
/* End PBXFileReference section */

/* Begin PBXFrameworksBuildPhase section */
		E89AB01D27BE23F500AB6B6C /* Frameworks */ = {
			isa = PBXFrameworksBuildPhase;
			buildActionMask = 2147483647;
			files = (
				E89AB0A327BE420E00AB6B6C /* Domain.framework in Frameworks */,
			);
			runOnlyForDeploymentPostprocessing = 0;
		};
		E89AB02627BE23F500AB6B6C /* Frameworks */ = {
			isa = PBXFrameworksBuildPhase;
			buildActionMask = 2147483647;
			files = (
				E89AB02A27BE23F500AB6B6C /* Presentation.framework in Frameworks */,
			);
			runOnlyForDeploymentPostprocessing = 0;
		};
/* End PBXFrameworksBuildPhase section */

/* Begin PBXGroup section */
		E89AB01627BE23F500AB6B6C = {
			isa = PBXGroup;
			children = (
				E89AB02227BE23F500AB6B6C /* Presentation */,
				E89AB06E27BE3E3D00AB6B6C /* Resources */,
				E89AB02D27BE23F500AB6B6C /* PresentationTests */,
				E89AB02127BE23F500AB6B6C /* Products */,
				E89AB0A127BE420E00AB6B6C /* Frameworks */,
			);
			sourceTree = "<group>";
		};
		E89AB02127BE23F500AB6B6C /* Products */ = {
			isa = PBXGroup;
			children = (
				E89AB02027BE23F500AB6B6C /* Presentation.framework */,
				E89AB02927BE23F500AB6B6C /* PresentationTests.xctest */,
			);
			name = Products;
			sourceTree = "<group>";
		};
		E89AB02227BE23F500AB6B6C /* Presentation */ = {
			isa = PBXGroup;
			children = (
				E89AB04B27BE3DF100AB6B6C /* MainView */,
				E89AB05E27BE3DF700AB6B6C /* MenuTab */,
				E89AB06D27BE3DFC00AB6B6C /* OrderTab */,
				E89AB02327BE23F500AB6B6C /* Presentation.h */,
				E89AB02427BE23F500AB6B6C /* Info.plist */,
			);
			path = Presentation;
			sourceTree = "<group>";
		};
		E89AB02D27BE23F500AB6B6C /* PresentationTests */ = {
			isa = PBXGroup;
			children = (
				E89AB02E27BE23F500AB6B6C /* PresentationTests.swift */,
				E89AB03027BE23F500AB6B6C /* Info.plist */,
			);
			path = PresentationTests;
			sourceTree = "<group>";
		};
		E89AB04827BE3DF100AB6B6C /* CordinatorProtocol */ = {
			isa = PBXGroup;
			children = (
				E89AB04727BE3DF100AB6B6C /* MainCordinatorProtocol.swift */,
			);
			path = CordinatorProtocol;
			sourceTree = "<group>";
		};
		E89AB04A27BE3DF100AB6B6C /* View */ = {
			isa = PBXGroup;
			children = (
				E89AB04927BE3DF100AB6B6C /* MainView.swift */,
			);
			path = View;
			sourceTree = "<group>";
		};
		E89AB04B27BE3DF100AB6B6C /* MainView */ = {
			isa = PBXGroup;
			children = (
				E89AB04827BE3DF100AB6B6C /* CordinatorProtocol */,
				E89AB04A27BE3DF100AB6B6C /* View */,
			);
			path = MainView;
			sourceTree = "<group>";
		};
		E89AB04E27BE3DF700AB6B6C /* Model */ = {
			isa = PBXGroup;
			children = (
				E89AB04C27BE3DF700AB6B6C /* MenuModel.swift */,
				E89AB04D27BE3DF700AB6B6C /* ItemModel.swift */,
			);
			path = Model;
			sourceTree = "<group>";
		};
		E89AB05127BE3DF700AB6B6C /* View */ = {
			isa = PBXGroup;
			children = (
				E89AB04F27BE3DF700AB6B6C /* MenuView.swift */,
				E89AB05027BE3DF700AB6B6C /* ItemRow.swift */,
			);
			path = View;
			sourceTree = "<group>";
		};
		E89AB05327BE3DF700AB6B6C /* UseCases */ = {
			isa = PBXGroup;
			children = (
				E89AB05227BE3DF700AB6B6C /* MenuViewUseCase.swift */,
			);
			path = UseCases;
			sourceTree = "<group>";
		};
		E89AB05527BE3DF700AB6B6C /* ViewModel */ = {
			isa = PBXGroup;
			children = (
				E89AB05327BE3DF700AB6B6C /* UseCases */,
				E89AB05427BE3DF700AB6B6C /* MenuViewModel.swift */,
			);
			path = ViewModel;
			sourceTree = "<group>";
		};
		E89AB05727BE3DF700AB6B6C /* CordinatorProtocol */ = {
			isa = PBXGroup;
			children = (
				E89AB05627BE3DF700AB6B6C /* MenuCordinatorProtocol.swift */,
			);
			path = CordinatorProtocol;
			sourceTree = "<group>";
		};
		E89AB05827BE3DF700AB6B6C /* MenuView */ = {
			isa = PBXGroup;
			children = (
				E89AB04E27BE3DF700AB6B6C /* Model */,
				E89AB05127BE3DF700AB6B6C /* View */,
				E89AB05527BE3DF700AB6B6C /* ViewModel */,
				E89AB05727BE3DF700AB6B6C /* CordinatorProtocol */,
			);
			path = MenuView;
			sourceTree = "<group>";
		};
		E89AB05A27BE3DF700AB6B6C /* ViewModel */ = {
			isa = PBXGroup;
			children = (
				E89AB05927BE3DF700AB6B6C /* ItemDetailViewModel.swift */,
			);
			path = ViewModel;
			sourceTree = "<group>";
		};
		E89AB05C27BE3DF700AB6B6C /* View */ = {
			isa = PBXGroup;
			children = (
				E89AB05B27BE3DF700AB6B6C /* ItemDetail.swift */,
			);
			path = View;
			sourceTree = "<group>";
		};
		E89AB05D27BE3DF700AB6B6C /* ItemDetailView */ = {
			isa = PBXGroup;
			children = (
				E89AB05A27BE3DF700AB6B6C /* ViewModel */,
				E89AB05C27BE3DF700AB6B6C /* View */,
			);
			path = ItemDetailView;
			sourceTree = "<group>";
		};
		E89AB05E27BE3DF700AB6B6C /* MenuTab */ = {
			isa = PBXGroup;
			children = (
				E89AB05827BE3DF700AB6B6C /* MenuView */,
				E89AB05D27BE3DF700AB6B6C /* ItemDetailView */,
			);
			path = MenuTab;
			sourceTree = "<group>";
		};
		E89AB06027BE3DFC00AB6B6C /* CordinatorProtocol */ = {
			isa = PBXGroup;
			children = (
				E89AB05F27BE3DFC00AB6B6C /* OrderViewCordinatorProtocol.swift */,
			);
			path = CordinatorProtocol;
			sourceTree = "<group>";
		};
		E89AB06227BE3DFC00AB6B6C /* ViewModel */ = {
			isa = PBXGroup;
			children = (
				E89AB06127BE3DFC00AB6B6C /* OrderViewModel.swift */,
			);
			path = ViewModel;
			sourceTree = "<group>";
		};
		E89AB06427BE3DFC00AB6B6C /* View */ = {
			isa = PBXGroup;
			children = (
				E89AB06327BE3DFC00AB6B6C /* OrderView.swift */,
			);
			path = View;
			sourceTree = "<group>";
		};
		E89AB06527BE3DFC00AB6B6C /* OrderView */ = {
			isa = PBXGroup;
			children = (
				E89AB06027BE3DFC00AB6B6C /* CordinatorProtocol */,
				E89AB06227BE3DFC00AB6B6C /* ViewModel */,
				E89AB06427BE3DFC00AB6B6C /* View */,
			);
			path = OrderView;
			sourceTree = "<group>";
		};
		E89AB06727BE3DFC00AB6B6C /* CordinatorProtocol */ = {
			isa = PBXGroup;
			children = (
				E89AB06627BE3DFC00AB6B6C /* CheckoutViewCordinatorProtocol.swift */,
			);
			path = CordinatorProtocol;
			sourceTree = "<group>";
		};
		E89AB06927BE3DFC00AB6B6C /* ViewModel */ = {
			isa = PBXGroup;
			children = (
				E89AB0C327BE8E5C00AB6B6C /* UseCases */,
				E89AB06827BE3DFC00AB6B6C /* CheckoutViewModel.swift */,
			);
			path = ViewModel;
			sourceTree = "<group>";
		};
		E89AB06B27BE3DFC00AB6B6C /* View */ = {
			isa = PBXGroup;
			children = (
				E89AB06A27BE3DFC00AB6B6C /* CheckoutView.swift */,
			);
			path = View;
			sourceTree = "<group>";
		};
		E89AB06C27BE3DFC00AB6B6C /* CheckoutView */ = {
			isa = PBXGroup;
			children = (
				E89AB06727BE3DFC00AB6B6C /* CordinatorProtocol */,
				E89AB06927BE3DFC00AB6B6C /* ViewModel */,
				E89AB06B27BE3DFC00AB6B6C /* View */,
			);
			path = CheckoutView;
			sourceTree = "<group>";
		};
		E89AB06D27BE3DFC00AB6B6C /* OrderTab */ = {
			isa = PBXGroup;
			children = (
				E89AB06527BE3DFC00AB6B6C /* OrderView */,
				E89AB06C27BE3DFC00AB6B6C /* CheckoutView */,
			);
			path = OrderTab;
			sourceTree = "<group>";
		};
		E89AB06E27BE3E3D00AB6B6C /* Resources */ = {
			isa = PBXGroup;
			children = (
				E89AB09327BE40C600AB6B6C /* WrappersProperties.swift */,
				E89AB09027BE405E00AB6B6C /* Mocks */,
				E89AB07E27BE3FE200AB6B6C /* OrderAdapter */,
				E89AB07627BE3EC400AB6B6C /* Protocols */,
			);
			path = Resources;
			sourceTree = "<group>";
		};
		E89AB07627BE3EC400AB6B6C /* Protocols */ = {
			isa = PBXGroup;
			children = (
				E89AB07427BE3EB300AB6B6C /* ViewData.swift */,
			);
			path = Protocols;
			sourceTree = "<group>";
		};
		E89AB07E27BE3FE200AB6B6C /* OrderAdapter */ = {
			isa = PBXGroup;
			children = (
				E89AB07C27BE3FDD00AB6B6C /* OrderAdapter.swift */,
			);
			path = OrderAdapter;
			sourceTree = "<group>";
		};
		E89AB09027BE405E00AB6B6C /* Mocks */ = {
			isa = PBXGroup;
			children = (
				E89AB08B27BE405400AB6B6C /* MockCheckoutViewModel.swift */,
				E89AB08927BE405400AB6B6C /* MockItemDetailViewModel.swift */,
				E89AB08827BE405400AB6B6C /* MockMenuViewModel.swift */,
				E89AB08A27BE405400AB6B6C /* MockOrderView.swift */,
			);
			path = Mocks;
			sourceTree = "<group>";
		};
		E89AB0A127BE420E00AB6B6C /* Frameworks */ = {
			isa = PBXGroup;
			children = (
				E89AB0AA27BE428F00AB6B6C /* Data.framework */,
				E89AB0A227BE420E00AB6B6C /* Domain.framework */,
			);
			name = Frameworks;
			sourceTree = "<group>";
		};
		E89AB0C327BE8E5C00AB6B6C /* UseCases */ = {
			isa = PBXGroup;
			children = (
				E89AB0C427BE8E7500AB6B6C /* CheckoutViewUseCase.swift */,
			);
			path = UseCases;
			sourceTree = "<group>";
		};
/* End PBXGroup section */

/* Begin PBXHeadersBuildPhase section */
		E89AB01B27BE23F500AB6B6C /* Headers */ = {
			isa = PBXHeadersBuildPhase;
			buildActionMask = 2147483647;
			files = (
				E89AB03127BE23F500AB6B6C /* Presentation.h in Headers */,
			);
			runOnlyForDeploymentPostprocessing = 0;
		};
/* End PBXHeadersBuildPhase section */

/* Begin PBXNativeTarget section */
		E89AB01F27BE23F500AB6B6C /* Presentation */ = {
			isa = PBXNativeTarget;
			buildConfigurationList = E89AB03427BE23F500AB6B6C /* Build configuration list for PBXNativeTarget "Presentation" */;
			buildPhases = (
				E89AB01B27BE23F500AB6B6C /* Headers */,
				E89AB01C27BE23F500AB6B6C /* Sources */,
				E89AB01D27BE23F500AB6B6C /* Frameworks */,
				E89AB01E27BE23F500AB6B6C /* Resources */,
				E89AB0A527BE420E00AB6B6C /* Embed Frameworks */,
			);
			buildRules = (
			);
			dependencies = (
			);
			name = Presentation;
			productName = Presentation;
			productReference = E89AB02027BE23F500AB6B6C /* Presentation.framework */;
			productType = "com.apple.product-type.framework";
		};
		E89AB02827BE23F500AB6B6C /* PresentationTests */ = {
			isa = PBXNativeTarget;
			buildConfigurationList = E89AB03727BE23F500AB6B6C /* Build configuration list for PBXNativeTarget "PresentationTests" */;
			buildPhases = (
				E89AB02527BE23F500AB6B6C /* Sources */,
				E89AB02627BE23F500AB6B6C /* Frameworks */,
				E89AB02727BE23F500AB6B6C /* Resources */,
			);
			buildRules = (
			);
			dependencies = (
				E89AB02C27BE23F500AB6B6C /* PBXTargetDependency */,
			);
			name = PresentationTests;
			productName = PresentationTests;
			productReference = E89AB02927BE23F500AB6B6C /* PresentationTests.xctest */;
			productType = "com.apple.product-type.bundle.unit-test";
		};
/* End PBXNativeTarget section */

/* Begin PBXProject section */
		E89AB01727BE23F500AB6B6C /* Project object */ = {
			isa = PBXProject;
			attributes = {
				LastSwiftUpdateCheck = 1250;
				LastUpgradeCheck = 1250;
				TargetAttributes = {
					E89AB01F27BE23F500AB6B6C = {
						CreatedOnToolsVersion = 12.5.1;
					};
					E89AB02827BE23F500AB6B6C = {
						CreatedOnToolsVersion = 12.5.1;
					};
				};
			};
			buildConfigurationList = E89AB01A27BE23F500AB6B6C /* Build configuration list for PBXProject "Presentation" */;
			compatibilityVersion = "Xcode 9.3";
			developmentRegion = en;
			hasScannedForEncodings = 0;
			knownRegions = (
				en,
				Base,
			);
			mainGroup = E89AB01627BE23F500AB6B6C;
			productRefGroup = E89AB02127BE23F500AB6B6C /* Products */;
			projectDirPath = "";
			projectRoot = "";
			targets = (
				E89AB01F27BE23F500AB6B6C /* Presentation */,
				E89AB02827BE23F500AB6B6C /* PresentationTests */,
			);
		};
/* End PBXProject section */

/* Begin PBXResourcesBuildPhase section */
		E89AB01E27BE23F500AB6B6C /* Resources */ = {
			isa = PBXResourcesBuildPhase;
			buildActionMask = 2147483647;
			files = (
			);
			runOnlyForDeploymentPostprocessing = 0;
		};
		E89AB02727BE23F500AB6B6C /* Resources */ = {
			isa = PBXResourcesBuildPhase;
			buildActionMask = 2147483647;
			files = (
			);
			runOnlyForDeploymentPostprocessing = 0;
		};
/* End PBXResourcesBuildPhase section */

/* Begin PBXSourcesBuildPhase section */
		E89AB01C27BE23F500AB6B6C /* Sources */ = {
			isa = PBXSourcesBuildPhase;
			buildActionMask = 2147483647;
			files = (
				E89AB09F27BE41C500AB6B6C /* CheckoutViewModel.swift in Sources */,
				E89AB0B027BE436B00AB6B6C /* MainView.swift in Sources */,
				E89AB0A627BE422000AB6B6C /* MenuViewUseCase.swift in Sources */,
				E89AB0AF27BE434800AB6B6C /* ItemRow.swift in Sources */,
				E89AB0A727BE423000AB6B6C /* OrderViewCordinatorProtocol.swift in Sources */,
				E89AB0A827BE423900AB6B6C /* CheckoutView.swift in Sources */,
				E89AB08E27BE405400AB6B6C /* MockOrderView.swift in Sources */,
				E89AB0AD27BE432200AB6B6C /* MainCordinatorProtocol.swift in Sources */,
				E89AB0A927BE424200AB6B6C /* CheckoutViewCordinatorProtocol.swift in Sources */,
				E89AB0AE27BE433800AB6B6C /* MenuView.swift in Sources */,
				E89AB08D27BE405400AB6B6C /* MockItemDetailViewModel.swift in Sources */,
				E89AB0C527BE8E7500AB6B6C /* CheckoutViewUseCase.swift in Sources */,
				E89AB09A27BE41AB00AB6B6C /* MenuModel.swift in Sources */,
				E89AB09C27BE41B600AB6B6C /* MenuViewModel.swift in Sources */,
				E89AB09427BE40C600AB6B6C /* WrappersProperties.swift in Sources */,
				E89AB09B27BE41B100AB6B6C /* ItemModel.swift in Sources */,
				E89AB08F27BE405400AB6B6C /* MockCheckoutViewModel.swift in Sources */,
				E89AB07D27BE3FDD00AB6B6C /* OrderAdapter.swift in Sources */,
				E89AB07527BE3EB300AB6B6C /* ViewData.swift in Sources */,
				E89AB09927BE419A00AB6B6C /* OrderView.swift in Sources */,
				E89AB08C27BE405400AB6B6C /* MockMenuViewModel.swift in Sources */,
				E89AB09827BE418000AB6B6C /* OrderViewModel.swift in Sources */,
				E89AB0A027BE41DD00AB6B6C /* ItemDetail.swift in Sources */,
				E89AB09E27BE41BF00AB6B6C /* ItemDetailViewModel.swift in Sources */,
				E89AB09D27BE41BA00AB6B6C /* MenuCordinatorProtocol.swift in Sources */,
			);
			runOnlyForDeploymentPostprocessing = 0;
		};
		E89AB02527BE23F500AB6B6C /* Sources */ = {
			isa = PBXSourcesBuildPhase;
			buildActionMask = 2147483647;
			files = (
				E89AB02F27BE23F500AB6B6C /* PresentationTests.swift in Sources */,
			);
			runOnlyForDeploymentPostprocessing = 0;
		};
/* End PBXSourcesBuildPhase section */

/* Begin PBXTargetDependency section */
		E89AB02C27BE23F500AB6B6C /* PBXTargetDependency */ = {
			isa = PBXTargetDependency;
			target = E89AB01F27BE23F500AB6B6C /* Presentation */;
			targetProxy = E89AB02B27BE23F500AB6B6C /* PBXContainerItemProxy */;
		};
/* End PBXTargetDependency section */

/* Begin XCBuildConfiguration section */
		E89AB03227BE23F500AB6B6C /* Debug */ = {
			isa = XCBuildConfiguration;
			buildSettings = {
				ALWAYS_SEARCH_USER_PATHS = NO;
				CLANG_ANALYZER_NONNULL = YES;
				CLANG_ANALYZER_NUMBER_OBJECT_CONVERSION = YES_AGGRESSIVE;
				CLANG_CXX_LANGUAGE_STANDARD = "gnu++14";
				CLANG_CXX_LIBRARY = "libc++";
				CLANG_ENABLE_MODULES = YES;
				CLANG_ENABLE_OBJC_ARC = YES;
				CLANG_ENABLE_OBJC_WEAK = YES;
				CLANG_WARN_BLOCK_CAPTURE_AUTORELEASING = YES;
				CLANG_WARN_BOOL_CONVERSION = YES;
				CLANG_WARN_COMMA = YES;
				CLANG_WARN_CONSTANT_CONVERSION = YES;
				CLANG_WARN_DEPRECATED_OBJC_IMPLEMENTATIONS = YES;
				CLANG_WARN_DIRECT_OBJC_ISA_USAGE = YES_ERROR;
				CLANG_WARN_DOCUMENTATION_COMMENTS = YES;
				CLANG_WARN_EMPTY_BODY = YES;
				CLANG_WARN_ENUM_CONVERSION = YES;
				CLANG_WARN_INFINITE_RECURSION = YES;
				CLANG_WARN_INT_CONVERSION = YES;
				CLANG_WARN_NON_LITERAL_NULL_CONVERSION = YES;
				CLANG_WARN_OBJC_IMPLICIT_RETAIN_SELF = YES;
				CLANG_WARN_OBJC_LITERAL_CONVERSION = YES;
				CLANG_WARN_OBJC_ROOT_CLASS = YES_ERROR;
				CLANG_WARN_QUOTED_INCLUDE_IN_FRAMEWORK_HEADER = YES;
				CLANG_WARN_RANGE_LOOP_ANALYSIS = YES;
				CLANG_WARN_STRICT_PROTOTYPES = YES;
				CLANG_WARN_SUSPICIOUS_MOVE = YES;
				CLANG_WARN_UNGUARDED_AVAILABILITY = YES_AGGRESSIVE;
				CLANG_WARN_UNREACHABLE_CODE = YES;
				CLANG_WARN__DUPLICATE_METHOD_MATCH = YES;
				COPY_PHASE_STRIP = NO;
				CURRENT_PROJECT_VERSION = 1;
				DEBUG_INFORMATION_FORMAT = dwarf;
				ENABLE_STRICT_OBJC_MSGSEND = YES;
				ENABLE_TESTABILITY = YES;
				GCC_C_LANGUAGE_STANDARD = gnu11;
				GCC_DYNAMIC_NO_PIC = NO;
				GCC_NO_COMMON_BLOCKS = YES;
				GCC_OPTIMIZATION_LEVEL = 0;
				GCC_PREPROCESSOR_DEFINITIONS = (
					"DEBUG=1",
					"$(inherited)",
				);
				GCC_WARN_64_TO_32_BIT_CONVERSION = YES;
				GCC_WARN_ABOUT_RETURN_TYPE = YES_ERROR;
				GCC_WARN_UNDECLARED_SELECTOR = YES;
				GCC_WARN_UNINITIALIZED_AUTOS = YES_AGGRESSIVE;
				GCC_WARN_UNUSED_FUNCTION = YES;
				GCC_WARN_UNUSED_VARIABLE = YES;
				IPHONEOS_DEPLOYMENT_TARGET = 14.5;
				MTL_ENABLE_DEBUG_INFO = INCLUDE_SOURCE;
				MTL_FAST_MATH = YES;
				ONLY_ACTIVE_ARCH = YES;
				SDKROOT = iphoneos;
				SWIFT_ACTIVE_COMPILATION_CONDITIONS = DEBUG;
				SWIFT_OPTIMIZATION_LEVEL = "-Onone";
				VERSIONING_SYSTEM = "apple-generic";
				VERSION_INFO_PREFIX = "";
			};
			name = Debug;
		};
		E89AB03327BE23F500AB6B6C /* Release */ = {
			isa = XCBuildConfiguration;
			buildSettings = {
				ALWAYS_SEARCH_USER_PATHS = NO;
				CLANG_ANALYZER_NONNULL = YES;
				CLANG_ANALYZER_NUMBER_OBJECT_CONVERSION = YES_AGGRESSIVE;
				CLANG_CXX_LANGUAGE_STANDARD = "gnu++14";
				CLANG_CXX_LIBRARY = "libc++";
				CLANG_ENABLE_MODULES = YES;
				CLANG_ENABLE_OBJC_ARC = YES;
				CLANG_ENABLE_OBJC_WEAK = YES;
				CLANG_WARN_BLOCK_CAPTURE_AUTORELEASING = YES;
				CLANG_WARN_BOOL_CONVERSION = YES;
				CLANG_WARN_COMMA = YES;
				CLANG_WARN_CONSTANT_CONVERSION = YES;
				CLANG_WARN_DEPRECATED_OBJC_IMPLEMENTATIONS = YES;
				CLANG_WARN_DIRECT_OBJC_ISA_USAGE = YES_ERROR;
				CLANG_WARN_DOCUMENTATION_COMMENTS = YES;
				CLANG_WARN_EMPTY_BODY = YES;
				CLANG_WARN_ENUM_CONVERSION = YES;
				CLANG_WARN_INFINITE_RECURSION = YES;
				CLANG_WARN_INT_CONVERSION = YES;
				CLANG_WARN_NON_LITERAL_NULL_CONVERSION = YES;
				CLANG_WARN_OBJC_IMPLICIT_RETAIN_SELF = YES;
				CLANG_WARN_OBJC_LITERAL_CONVERSION = YES;
				CLANG_WARN_OBJC_ROOT_CLASS = YES_ERROR;
				CLANG_WARN_QUOTED_INCLUDE_IN_FRAMEWORK_HEADER = YES;
				CLANG_WARN_RANGE_LOOP_ANALYSIS = YES;
				CLANG_WARN_STRICT_PROTOTYPES = YES;
				CLANG_WARN_SUSPICIOUS_MOVE = YES;
				CLANG_WARN_UNGUARDED_AVAILABILITY = YES_AGGRESSIVE;
				CLANG_WARN_UNREACHABLE_CODE = YES;
				CLANG_WARN__DUPLICATE_METHOD_MATCH = YES;
				COPY_PHASE_STRIP = NO;
				CURRENT_PROJECT_VERSION = 1;
				DEBUG_INFORMATION_FORMAT = "dwarf-with-dsym";
				ENABLE_NS_ASSERTIONS = NO;
				ENABLE_STRICT_OBJC_MSGSEND = YES;
				GCC_C_LANGUAGE_STANDARD = gnu11;
				GCC_NO_COMMON_BLOCKS = YES;
				GCC_WARN_64_TO_32_BIT_CONVERSION = YES;
				GCC_WARN_ABOUT_RETURN_TYPE = YES_ERROR;
				GCC_WARN_UNDECLARED_SELECTOR = YES;
				GCC_WARN_UNINITIALIZED_AUTOS = YES_AGGRESSIVE;
				GCC_WARN_UNUSED_FUNCTION = YES;
				GCC_WARN_UNUSED_VARIABLE = YES;
				IPHONEOS_DEPLOYMENT_TARGET = 14.5;
				MTL_ENABLE_DEBUG_INFO = NO;
				MTL_FAST_MATH = YES;
				SDKROOT = iphoneos;
				SWIFT_COMPILATION_MODE = wholemodule;
				SWIFT_OPTIMIZATION_LEVEL = "-O";
				VALIDATE_PRODUCT = YES;
				VERSIONING_SYSTEM = "apple-generic";
				VERSION_INFO_PREFIX = "";
			};
			name = Release;
		};
		E89AB03527BE23F500AB6B6C /* Debug */ = {
			isa = XCBuildConfiguration;
			buildSettings = {
				CODE_SIGN_STYLE = Automatic;
				DEFINES_MODULE = YES;
				DYLIB_COMPATIBILITY_VERSION = 1;
				DYLIB_CURRENT_VERSION = 1;
				DYLIB_INSTALL_NAME_BASE = "@rpath";
				INFOPLIST_FILE = Presentation/Info.plist;
				INSTALL_PATH = "$(LOCAL_LIBRARY_DIR)/Frameworks";
				IPHONEOS_DEPLOYMENT_TARGET = 13.0;
				LD_RUNPATH_SEARCH_PATHS = (
					"$(inherited)",
					"@executable_path/Frameworks",
					"@loader_path/Frameworks",
				);
				PRODUCT_BUNDLE_IDENTIFIER = com.jhonatahan.Presentation;
				PRODUCT_NAME = "$(TARGET_NAME:c99extidentifier)";
				SKIP_INSTALL = YES;
				SWIFT_VERSION = 5.0;
				TARGETED_DEVICE_FAMILY = "1,2";
			};
			name = Debug;
		};
		E89AB03627BE23F500AB6B6C /* Release */ = {
			isa = XCBuildConfiguration;
			buildSettings = {
				CODE_SIGN_STYLE = Automatic;
				DEFINES_MODULE = YES;
				DYLIB_COMPATIBILITY_VERSION = 1;
				DYLIB_CURRENT_VERSION = 1;
				DYLIB_INSTALL_NAME_BASE = "@rpath";
				INFOPLIST_FILE = Presentation/Info.plist;
				INSTALL_PATH = "$(LOCAL_LIBRARY_DIR)/Frameworks";
				IPHONEOS_DEPLOYMENT_TARGET = 13.0;
				LD_RUNPATH_SEARCH_PATHS = (
					"$(inherited)",
					"@executable_path/Frameworks",
					"@loader_path/Frameworks",
				);
				PRODUCT_BUNDLE_IDENTIFIER = com.jhonatahan.Presentation;
				PRODUCT_NAME = "$(TARGET_NAME:c99extidentifier)";
				SKIP_INSTALL = YES;
				SWIFT_VERSION = 5.0;
				TARGETED_DEVICE_FAMILY = "1,2";
			};
			name = Release;
		};
		E89AB03827BE23F500AB6B6C /* Debug */ = {
			isa = XCBuildConfiguration;
			buildSettings = {
				ALWAYS_EMBED_SWIFT_STANDARD_LIBRARIES = YES;
				CODE_SIGN_STYLE = Automatic;
				INFOPLIST_FILE = PresentationTests/Info.plist;
				LD_RUNPATH_SEARCH_PATHS = (
					"$(inherited)",
					"@executable_path/Frameworks",
					"@loader_path/Frameworks",
				);
				PRODUCT_BUNDLE_IDENTIFIER = com.jhonatahan.PresentationTests;
				PRODUCT_NAME = "$(TARGET_NAME)";
				SWIFT_VERSION = 5.0;
				TARGETED_DEVICE_FAMILY = "1,2";
			};
			name = Debug;
		};
		E89AB03927BE23F500AB6B6C /* Release */ = {
			isa = XCBuildConfiguration;
			buildSettings = {
				ALWAYS_EMBED_SWIFT_STANDARD_LIBRARIES = YES;
				CODE_SIGN_STYLE = Automatic;
				INFOPLIST_FILE = PresentationTests/Info.plist;
				LD_RUNPATH_SEARCH_PATHS = (
					"$(inherited)",
					"@executable_path/Frameworks",
					"@loader_path/Frameworks",
				);
				PRODUCT_BUNDLE_IDENTIFIER = com.jhonatahan.PresentationTests;
				PRODUCT_NAME = "$(TARGET_NAME)";
				SWIFT_VERSION = 5.0;
				TARGETED_DEVICE_FAMILY = "1,2";
			};
			name = Release;
		};
/* End XCBuildConfiguration section */

/* Begin XCConfigurationList section */
		E89AB01A27BE23F500AB6B6C /* Build configuration list for PBXProject "Presentation" */ = {
			isa = XCConfigurationList;
			buildConfigurations = (
				E89AB03227BE23F500AB6B6C /* Debug */,
				E89AB03327BE23F500AB6B6C /* Release */,
			);
			defaultConfigurationIsVisible = 0;
			defaultConfigurationName = Release;
		};
		E89AB03427BE23F500AB6B6C /* Build configuration list for PBXNativeTarget "Presentation" */ = {
			isa = XCConfigurationList;
			buildConfigurations = (
				E89AB03527BE23F500AB6B6C /* Debug */,
				E89AB03627BE23F500AB6B6C /* Release */,
			);
			defaultConfigurationIsVisible = 0;
			defaultConfigurationName = Release;
		};
		E89AB03727BE23F500AB6B6C /* Build configuration list for PBXNativeTarget "PresentationTests" */ = {
			isa = XCConfigurationList;
			buildConfigurations = (
				E89AB03827BE23F500AB6B6C /* Debug */,
				E89AB03927BE23F500AB6B6C /* Release */,
			);
			defaultConfigurationIsVisible = 0;
			defaultConfigurationName = Release;
		};
/* End XCConfigurationList section */
	};
	rootObject = E89AB01727BE23F500AB6B6C /* Project object */;
}
